// !$*UTF8*$!
{
	archiveVersion = 1;
	classes = {
	};
	objectVersion = 77;
	objects = {

/* Begin PBXContainerItemProxy section */
		816837242DEDB7CE007190C7 /* PBXContainerItemProxy */ = {
			isa = PBXContainerItemProxy;
			containerPortal = 8168370B2DEDB7CD007190C7 /* Project object */;
			proxyType = 1;
			remoteGlobalIDString = 816837122DEDB7CD007190C7;
			remoteInfo = "Core Location Sample";
		};
		8168372E2DEDB7CE007190C7 /* PBXContainerItemProxy */ = {
			isa = PBXContainerItemProxy;
			containerPortal = 8168370B2DEDB7CD007190C7 /* Project object */;
			proxyType = 1;
			remoteGlobalIDString = 816837122DEDB7CD007190C7;
			remoteInfo = "Core Location Sample";
		};
/* End PBXContainerItemProxy section */

/* Begin PBXFileReference section */
		816837132DEDB7CD007190C7 /* Core Location Sample.app */ = {isa = PBXFileReference; explicitFileType = wrapper.application; includeInIndex = 0; path = "Core Location Sample.app"; sourceTree = BUILT_PRODUCTS_DIR; };
		816837232DEDB7CE007190C7 /* Core Location SampleTests.xctest */ = {isa = PBXFileReference; explicitFileType = wrapper.cfbundle; includeInIndex = 0; path = "Core Location SampleTests.xctest"; sourceTree = BUILT_PRODUCTS_DIR; };
		8168372D2DEDB7CE007190C7 /* Core Location SampleUITests.xctest */ = {isa = PBXFileReference; explicitFileType = wrapper.cfbundle; includeInIndex = 0; path = "Core Location SampleUITests.xctest"; sourceTree = BUILT_PRODUCTS_DIR; };
/* End PBXFileReference section */

/* Begin PBXFileSystemSynchronizedRootGroup section */
		816837152DEDB7CD007190C7 /* Core Location Sample */ = {
			isa = PBXFileSystemSynchronizedRootGroup;
			path = "Core Location Sample";
			sourceTree = "<group>";
		};
		816837262DEDB7CE007190C7 /* Core Location SampleTests */ = {
			isa = PBXFileSystemSynchronizedRootGroup;
			path = "Core Location SampleTests";
			sourceTree = "<group>";
		};
		816837302DEDB7CE007190C7 /* Core Location SampleUITests */ = {
			isa = PBXFileSystemSynchronizedRootGroup;
			path = "Core Location SampleUITests";
			sourceTree = "<group>";
		};
/* End PBXFileSystemSynchronizedRootGroup section */

/* Begin PBXFrameworksBuildPhase section */
		816837102DEDB7CD007190C7 /* Frameworks */ = {
			isa = PBXFrameworksBuildPhase;
			buildActionMask = 2147483647;
			files = (
			);
			runOnlyForDeploymentPostprocessing = 0;
		};
		816837202DEDB7CE007190C7 /* Frameworks */ = {
			isa = PBXFrameworksBuildPhase;
			buildActionMask = 2147483647;
			files = (
			);
			runOnlyForDeploymentPostprocessing = 0;
		};
		8168372A2DEDB7CE007190C7 /* Frameworks */ = {
			isa = PBXFrameworksBuildPhase;
			buildActionMask = 2147483647;
			files = (
			);
			runOnlyForDeploymentPostprocessing = 0;
		};
/* End PBXFrameworksBuildPhase section */

/* Begin PBXGroup section */
		8168370A2DEDB7CD007190C7 = {
			isa = PBXGroup;
			children = (
				816837152DEDB7CD007190C7 /* Core Location Sample */,
				816837262DEDB7CE007190C7 /* Core Location SampleTests */,
				816837302DEDB7CE007190C7 /* Core Location SampleUITests */,
				816837142DEDB7CD007190C7 /* Products */,
			);
			sourceTree = "<group>";
		};
		816837142DEDB7CD007190C7 /* Products */ = {
			isa = PBXGroup;
			children = (
				816837132DEDB7CD007190C7 /* Core Location Sample.app */,
				816837232DEDB7CE007190C7 /* Core Location SampleTests.xctest */,
				8168372D2DEDB7CE007190C7 /* Core Location SampleUITests.xctest */,
			);
			name = Products;
			sourceTree = "<group>";
		};
/* End PBXGroup section */

/* Begin PBXNativeTarget section */
		816837122DEDB7CD007190C7 /* Core Location Sample */ = {
			isa = PBXNativeTarget;
			buildConfigurationList = 816837372DEDB7CE007190C7 /* Build configuration list for PBXNativeTarget "Core Location Sample" */;
			buildPhases = (
				8168370F2DEDB7CD007190C7 /* Sources */,
				816837102DEDB7CD007190C7 /* Frameworks */,
				816837112DEDB7CD007190C7 /* Resources */,
			);
			buildRules = (
			);
			dependencies = (
			);
			fileSystemSynchronizedGroups = (
				816837152DEDB7CD007190C7 /* Core Location Sample */,
			);
			name = "Core Location Sample";
			packageProductDependencies = (
			);
			productName = "Core Location Sample";
			productReference = 816837132DEDB7CD007190C7 /* Core Location Sample.app */;
			productType = "com.apple.product-type.application";
		};
		816837222DEDB7CE007190C7 /* Core Location SampleTests */ = {
			isa = PBXNativeTarget;
			buildConfigurationList = 8168373A2DEDB7CE007190C7 /* Build configuration list for PBXNativeTarget "Core Location SampleTests" */;
			buildPhases = (
				8168371F2DEDB7CE007190C7 /* Sources */,
				816837202DEDB7CE007190C7 /* Frameworks */,
				816837212DEDB7CE007190C7 /* Resources */,
			);
			buildRules = (
			);
			dependencies = (
				816837252DEDB7CE007190C7 /* PBXTargetDependency */,
			);
			fileSystemSynchronizedGroups = (
				816837262DEDB7CE007190C7 /* Core Location SampleTests */,
			);
			name = "Core Location SampleTests";
			packageProductDependencies = (
			);
			productName = "Core Location SampleTests";
			productReference = 816837232DEDB7CE007190C7 /* Core Location SampleTests.xctest */;
			productType = "com.apple.product-type.bundle.unit-test";
		};
		8168372C2DEDB7CE007190C7 /* Core Location SampleUITests */ = {
			isa = PBXNativeTarget;
			buildConfigurationList = 8168373D2DEDB7CE007190C7 /* Build configuration list for PBXNativeTarget "Core Location SampleUITests" */;
			buildPhases = (
				816837292DEDB7CE007190C7 /* Sources */,
				8168372A2DEDB7CE007190C7 /* Frameworks */,
				8168372B2DEDB7CE007190C7 /* Resources */,
			);
			buildRules = (
			);
			dependencies = (
				8168372F2DEDB7CE007190C7 /* PBXTargetDependency */,
			);
			fileSystemSynchronizedGroups = (
				816837302DEDB7CE007190C7 /* Core Location SampleUITests */,
			);
			name = "Core Location SampleUITests";
			packageProductDependencies = (
			);
			productName = "Core Location SampleUITests";
			productReference = 8168372D2DEDB7CE007190C7 /* Core Location SampleUITests.xctest */;
			productType = "com.apple.product-type.bundle.ui-testing";
		};
/* End PBXNativeTarget section */

/* Begin PBXProject section */
		8168370B2DEDB7CD007190C7 /* Project object */ = {
			isa = PBXProject;
			attributes = {
				BuildIndependentTargetsInParallel = 1;
				LastSwiftUpdateCheck = 1620;
				LastUpgradeCheck = 1620;
				TargetAttributes = {
					816837122DEDB7CD007190C7 = {
						CreatedOnToolsVersion = 16.2;
					};
					816837222DEDB7CE007190C7 = {
						CreatedOnToolsVersion = 16.2;
						TestTargetID = 816837122DEDB7CD007190C7;
					};
					8168372C2DEDB7CE007190C7 = {
						CreatedOnToolsVersion = 16.2;
						TestTargetID = 816837122DEDB7CD007190C7;
					};
				};
			};
			buildConfigurationList = 8168370E2DEDB7CD007190C7 /* Build configuration list for PBXProject "Core Location Sample" */;
			developmentRegion = en;
			hasScannedForEncodings = 0;
			knownRegions = (
				en,
				Base,
			);
			mainGroup = 8168370A2DEDB7CD007190C7;
			minimizedProjectReferenceProxies = 1;
			preferredProjectObjectVersion = 77;
			productRefGroup = 816837142DEDB7CD007190C7 /* Products */;
			projectDirPath = "";
			projectRoot = "";
			targets = (
				816837122DEDB7CD007190C7 /* Core Location Sample */,
				816837222DEDB7CE007190C7 /* Core Location SampleTests */,
				8168372C2DEDB7CE007190C7 /* Core Location SampleUITests */,
			);
		};
/* End PBXProject section */

/* Begin PBXResourcesBuildPhase section */
		816837112DEDB7CD007190C7 /* Resources */ = {
			isa = PBXResourcesBuildPhase;
			buildActionMask = 2147483647;
			files = (
			);
			runOnlyForDeploymentPostprocessing = 0;
		};
		816837212DEDB7CE007190C7 /* Resources */ = {
			isa = PBXResourcesBuildPhase;
			buildActionMask = 2147483647;
			files = (
			);
			runOnlyForDeploymentPostprocessing = 0;
		};
		8168372B2DEDB7CE007190C7 /* Resources */ = {
			isa = PBXResourcesBuildPhase;
			buildActionMask = 2147483647;
			files = (
			);
			runOnlyForDeploymentPostprocessing = 0;
		};
/* End PBXResourcesBuildPhase section */

/* Begin PBXSourcesBuildPhase section */
		8168370F2DEDB7CD007190C7 /* Sources */ = {
			isa = PBXSourcesBuildPhase;
			buildActionMask = 2147483647;
			files = (
			);
			runOnlyForDeploymentPostprocessing = 0;
		};
		8168371F2DEDB7CE007190C7 /* Sources */ = {
			isa = PBXSourcesBuildPhase;
			buildActionMask = 2147483647;
			files = (
			);
			runOnlyForDeploymentPostprocessing = 0;
		};
		816837292DEDB7CE007190C7 /* Sources */ = {
			isa = PBXSourcesBuildPhase;
			buildActionMask = 2147483647;
			files = (
			);
			runOnlyForDeploymentPostprocessing = 0;
		};
/* End PBXSourcesBuildPhase section */

/* Begin PBXTargetDependency section */
		816837252DEDB7CE007190C7 /* PBXTargetDependency */ = {
			isa = PBXTargetDependency;
			target = 816837122DEDB7CD007190C7 /* Core Location Sample */;
			targetProxy = 816837242DEDB7CE007190C7 /* PBXContainerItemProxy */;
		};
		8168372F2DEDB7CE007190C7 /* PBXTargetDependency */ = {
			isa = PBXTargetDependency;
			target = 816837122DEDB7CD007190C7 /* Core Location Sample */;
			targetProxy = 8168372E2DEDB7CE007190C7 /* PBXContainerItemProxy */;
		};
/* End PBXTargetDependency section */

/* Begin XCBuildConfiguration section */
		816837352DEDB7CE007190C7 /* Debug */ = {
			isa = XCBuildConfiguration;
			buildSettings = {
				ALWAYS_SEARCH_USER_PATHS = NO;
				ASSETCATALOG_COMPILER_GENERATE_SWIFT_ASSET_SYMBOL_EXTENSIONS = YES;
				CLANG_ANALYZER_NONNULL = YES;
				CLANG_ANALYZER_NUMBER_OBJECT_CONVERSION = YES_AGGRESSIVE;
				CLANG_CXX_LANGUAGE_STANDARD = "gnu++20";
				CLANG_ENABLE_MODULES = YES;
				CLANG_ENABLE_OBJC_ARC = YES;
				CLANG_ENABLE_OBJC_WEAK = YES;
				CLANG_WARN_BLOCK_CAPTURE_AUTORELEASING = YES;
				CLANG_WARN_BOOL_CONVERSION = YES;
				CLANG_WARN_COMMA = YES;
				CLANG_WARN_CONSTANT_CONVERSION = YES;
				CLANG_WARN_DEPRECATED_OBJC_IMPLEMENTATIONS = YES;
				CLANG_WARN_DIRECT_OBJC_ISA_USAGE = YES_ERROR;
				CLANG_WARN_DOCUMENTATION_COMMENTS = YES;
				CLANG_WARN_EMPTY_BODY = YES;
				CLANG_WARN_ENUM_CONVERSION = YES;
				CLANG_WARN_INFINITE_RECURSION = YES;
				CLANG_WARN_INT_CONVERSION = YES;
				CLANG_WARN_NON_LITERAL_NULL_CONVERSION = YES;
				CLANG_WARN_OBJC_IMPLICIT_RETAIN_SELF = YES;
				CLANG_WARN_OBJC_LITERAL_CONVERSION = YES;
				CLANG_WARN_OBJC_ROOT_CLASS = YES_ERROR;
				CLANG_WARN_QUOTED_INCLUDE_IN_FRAMEWORK_HEADER = YES;
				CLANG_WARN_RANGE_LOOP_ANALYSIS = YES;
				CLANG_WARN_STRICT_PROTOTYPES = YES;
				CLANG_WARN_SUSPICIOUS_MOVE = YES;
				CLANG_WARN_UNGUARDED_AVAILABILITY = YES_AGGRESSIVE;
				CLANG_WARN_UNREACHABLE_CODE = YES;
				CLANG_WARN__DUPLICATE_METHOD_MATCH = YES;
				COPY_PHASE_STRIP = NO;
				DEBUG_INFORMATION_FORMAT = dwarf;
				ENABLE_STRICT_OBJC_MSGSEND = YES;
				ENABLE_TESTABILITY = YES;
				ENABLE_USER_SCRIPT_SANDBOXING = YES;
				GCC_C_LANGUAGE_STANDARD = gnu17;
				GCC_DYNAMIC_NO_PIC = NO;
				GCC_NO_COMMON_BLOCKS = YES;
				GCC_OPTIMIZATION_LEVEL = 0;
				GCC_PREPROCESSOR_DEFINITIONS = (
					"DEBUG=1",
					"$(inherited)",
				);
				GCC_WARN_64_TO_32_BIT_CONVERSION = YES;
				GCC_WARN_ABOUT_RETURN_TYPE = YES_ERROR;
				GCC_WARN_UNDECLARED_SELECTOR = YES;
				GCC_WARN_UNINITIALIZED_AUTOS = YES_AGGRESSIVE;
				GCC_WARN_UNUSED_FUNCTION = YES;
				GCC_WARN_UNUSED_VARIABLE = YES;
				IPHONEOS_DEPLOYMENT_TARGET = 18.2;
				LOCALIZATION_PREFERS_STRING_CATALOGS = YES;
				MTL_ENABLE_DEBUG_INFO = INCLUDE_SOURCE;
				MTL_FAST_MATH = YES;
				ONLY_ACTIVE_ARCH = YES;
				SDKROOT = iphoneos;
				SWIFT_ACTIVE_COMPILATION_CONDITIONS = "DEBUG $(inherited)";
				SWIFT_OPTIMIZATION_LEVEL = "-Onone";
			};
			name = Debug;
		};
		816837362DEDB7CE007190C7 /* Release */ = {
			isa = XCBuildConfiguration;
			buildSettings = {
				ALWAYS_SEARCH_USER_PATHS = NO;
				ASSETCATALOG_COMPILER_GENERATE_SWIFT_ASSET_SYMBOL_EXTENSIONS = YES;
				CLANG_ANALYZER_NONNULL = YES;
				CLANG_ANALYZER_NUMBER_OBJECT_CONVERSION = YES_AGGRESSIVE;
				CLANG_CXX_LANGUAGE_STANDARD = "gnu++20";
				CLANG_ENABLE_MODULES = YES;
				CLANG_ENABLE_OBJC_ARC = YES;
				CLANG_ENABLE_OBJC_WEAK = YES;
				CLANG_WARN_BLOCK_CAPTURE_AUTORELEASING = YES;
				CLANG_WARN_BOOL_CONVERSION = YES;
				CLANG_WARN_COMMA = YES;
				CLANG_WARN_CONSTANT_CONVERSION = YES;
				CLANG_WARN_DEPRECATED_OBJC_IMPLEMENTATIONS = YES;
				CLANG_WARN_DIRECT_OBJC_ISA_USAGE = YES_ERROR;
				CLANG_WARN_DOCUMENTATION_COMMENTS = YES;
				CLANG_WARN_EMPTY_BODY = YES;
				CLANG_WARN_ENUM_CONVERSION = YES;
				CLANG_WARN_INFINITE_RECURSION = YES;
				CLANG_WARN_INT_CONVERSION = YES;
				CLANG_WARN_NON_LITERAL_NULL_CONVERSION = YES;
				CLANG_WARN_OBJC_IMPLICIT_RETAIN_SELF = YES;
				CLANG_WARN_OBJC_LITERAL_CONVERSION = YES;
				CLANG_WARN_OBJC_ROOT_CLASS = YES_ERROR;
				CLANG_WARN_QUOTED_INCLUDE_IN_FRAMEWORK_HEADER = YES;
				CLANG_WARN_RANGE_LOOP_ANALYSIS = YES;
				CLANG_WARN_STRICT_PROTOTYPES = YES;
				CLANG_WARN_SUSPICIOUS_MOVE = YES;
				CLANG_WARN_UNGUARDED_AVAILABILITY = YES_AGGRESSIVE;
				CLANG_WARN_UNREACHABLE_CODE = YES;
				CLANG_WARN__DUPLICATE_METHOD_MATCH = YES;
				COPY_PHASE_STRIP = NO;
				DEBUG_INFORMATION_FORMAT = "dwarf-with-dsym";
				ENABLE_NS_ASSERTIONS = NO;
				ENABLE_STRICT_OBJC_MSGSEND = YES;
				ENABLE_USER_SCRIPT_SANDBOXING = YES;
				GCC_C_LANGUAGE_STANDARD = gnu17;
				GCC_NO_COMMON_BLOCKS = YES;
				GCC_WARN_64_TO_32_BIT_CONVERSION = YES;
				GCC_WARN_ABOUT_RETURN_TYPE = YES_ERROR;
				GCC_WARN_UNDECLARED_SELECTOR = YES;
				GCC_WARN_UNINITIALIZED_AUTOS = YES_AGGRESSIVE;
				GCC_WARN_UNUSED_FUNCTION = YES;
				GCC_WARN_UNUSED_VARIABLE = YES;
				IPHONEOS_DEPLOYMENT_TARGET = 18.2;
				LOCALIZATION_PREFERS_STRING_CATALOGS = YES;
				MTL_ENABLE_DEBUG_INFO = NO;
				MTL_FAST_MATH = YES;
				SDKROOT = iphoneos;
				SWIFT_COMPILATION_MODE = wholemodule;
				VALIDATE_PRODUCT = YES;
			};
			name = Release;
		};
		816837382DEDB7CE007190C7 /* Debug */ = {
			isa = XCBuildConfiguration;
			buildSettings = {
				ASSETCATALOG_COMPILER_APPICON_NAME = AppIcon;
				ASSETCATALOG_COMPILER_GLOBAL_ACCENT_COLOR_NAME = AccentColor;
				CODE_SIGN_STYLE = Automatic;
				CURRENT_PROJECT_VERSION = 1;
				DEVELOPMENT_ASSET_PATHS = "\"Core Location Sample/Preview Content\"";
				DEVELOPMENT_TEAM = "";
				ENABLE_PREVIEWS = YES;
				GENERATE_INFOPLIST_FILE = YES;
				INFOPLIST_FILE = "Core-Location-Sample-Info.plist";
				INFOPLIST_KEY_NSLocationAlwaysUsageDescription = "We need access to your location even when the app is in the background for visit tracking.";
				INFOPLIST_KEY_NSLocationWhenInUseUsageDescription = "We need access to your location to track your visits and provide location-based features.";
				INFOPLIST_KEY_UIApplicationSceneManifest_Generation = YES;
				INFOPLIST_KEY_UIApplicationSupportsIndirectInputEvents = YES;
				INFOPLIST_KEY_UILaunchScreen_Generation = YES;
				INFOPLIST_KEY_UISupportedInterfaceOrientations_iPad = "UIInterfaceOrientationPortrait UIInterfaceOrientationPortraitUpsideDown UIInterfaceOrientationLandscapeLeft UIInterfaceOrientationLandscapeRight";
				INFOPLIST_KEY_UISupportedInterfaceOrientations_iPhone = "UIInterfaceOrientationPortrait UIInterfaceOrientationLandscapeLeft UIInterfaceOrientationLandscapeRight";
				LD_RUNPATH_SEARCH_PATHS = (
					"$(inherited)",
					"@executable_path/Frameworks",
				);
				MARKETING_VERSION = 1.0;
				PRODUCT_BUNDLE_IDENTIFIER = "com.test.Core-Location-Sample";
				PRODUCT_NAME = "$(TARGET_NAME)";
				SWIFT_EMIT_LOC_STRINGS = YES;
				SWIFT_VERSION = 5.0;
				TARGETED_DEVICE_FAMILY = "1,2";
			};
			name = Debug;
		};
		816837392DEDB7CE007190C7 /* Release */ = {
			isa = XCBuildConfiguration;
			buildSettings = {
				ASSETCATALOG_COMPILER_APPICON_NAME = AppIcon;
				ASSETCATALOG_COMPILER_GLOBAL_ACCENT_COLOR_NAME = AccentColor;
				CODE_SIGN_STYLE = Automatic;
				CURRENT_PROJECT_VERSION = 1;
				DEVELOPMENT_ASSET_PATHS = "\"Core Location Sample/Preview Content\"";
				DEVELOPMENT_TEAM = "";
				ENABLE_PREVIEWS = YES;
				GENERATE_INFOPLIST_FILE = YES;
				INFOPLIST_FILE = "Core-Location-Sample-Info.plist";
				INFOPLIST_KEY_NSLocationAlwaysUsageDescription = "We need access to your location even when the app is in the background for visit tracking.";
				INFOPLIST_KEY_NSLocationWhenInUseUsageDescription = "We need access to your location to track your visits and provide location-based features.";
				INFOPLIST_KEY_UIApplicationSceneManifest_Generation = YES;
				INFOPLIST_KEY_UIApplicationSupportsIndirectInputEvents = YES;
				INFOPLIST_KEY_UILaunchScreen_Generation = YES;
				INFOPLIST_KEY_UISupportedInterfaceOrientations_iPad = "UIInterfaceOrientationPortrait UIInterfaceOrientationPortraitUpsideDown UIInterfaceOrientationLandscapeLeft UIInterfaceOrientationLandscapeRight";
				INFOPLIST_KEY_UISupportedInterfaceOrientations_iPhone = "UIInterfaceOrientationPortrait UIInterfaceOrientationLandscapeLeft UIInterfaceOrientationLandscapeRight";
				LD_RUNPATH_SEARCH_PATHS = (
					"$(inherited)",
					"@executable_path/Frameworks",
				);
				MARKETING_VERSION = 1.0;
				PRODUCT_BUNDLE_IDENTIFIER = "com.test.Core-Location-Sample";
				PRODUCT_NAME = "$(TARGET_NAME)";
				SWIFT_EMIT_LOC_STRINGS = YES;
				SWIFT_VERSION = 5.0;
				TARGETED_DEVICE_FAMILY = "1,2";
			};
			name = Release;
		};
		8168373B2DEDB7CE007190C7 /* Debug */ = {
			isa = XCBuildConfiguration;
			buildSettings = {
				BUNDLE_LOADER = "$(TEST_HOST)";
				CODE_SIGN_STYLE = Automatic;
				CURRENT_PROJECT_VERSION = 1;
				DEVELOPMENT_TEAM = G7DZRWC4D6;
				GENERATE_INFOPLIST_FILE = YES;
				IPHONEOS_DEPLOYMENT_TARGET = 18.2;
				MARKETING_VERSION = 1.0;
				PRODUCT_BUNDLE_IDENTIFIER = "com.test.Core-Location-SampleTests";
				PRODUCT_NAME = "$(TARGET_NAME)";
				SWIFT_EMIT_LOC_STRINGS = NO;
				SWIFT_VERSION = 5.0;
				TARGETED_DEVICE_FAMILY = "1,2";
				TEST_HOST = "$(BUILT_PRODUCTS_DIR)/Core Location Sample.app/$(BUNDLE_EXECUTABLE_FOLDER_PATH)/Core Location Sample";
			};
			name = Debug;
		};
		8168373C2DEDB7CE007190C7 /* Release */ = {
			isa = XCBuildConfiguration;
			buildSettings = {
				BUNDLE_LOADER = "$(TEST_HOST)";
				CODE_SIGN_STYLE = Automatic;
				CURRENT_PROJECT_VERSION = 1;
				DEVELOPMENT_TEAM = G7DZRWC4D6;
				GENERATE_INFOPLIST_FILE = YES;
				IPHONEOS_DEPLOYMENT_TARGET = 18.2;
				MARKETING_VERSION = 1.0;
				PRODUCT_BUNDLE_IDENTIFIER = "com.test.Core-Location-SampleTests";
				PRODUCT_NAME = "$(TARGET_NAME)";
				SWIFT_EMIT_LOC_STRINGS = NO;
				SWIFT_VERSION = 5.0;
				TARGETED_DEVICE_FAMILY = "1,2";
				TEST_HOST = "$(BUILT_PRODUCTS_DIR)/Core Location Sample.app/$(BUNDLE_EXECUTABLE_FOLDER_PATH)/Core Location Sample";
			};
			name = Release;
		};
		8168373E2DEDB7CE007190C7 /* Debug */ = {
			isa = XCBuildConfiguration;
			buildSettings = {
				CODE_SIGN_STYLE = Automatic;
				CURRENT_PROJECT_VERSION = 1;
				DEVELOPMENT_TEAM = G7DZRWC4D6;
				GENERATE_INFOPLIST_FILE = YES;
				MARKETING_VERSION = 1.0;
				PRODUCT_BUNDLE_IDENTIFIER = "com.test.Core-Location-SampleUITests";
				PRODUCT_NAME = "$(TARGET_NAME)";
				SWIFT_EMIT_LOC_STRINGS = NO;
				SWIFT_VERSION = 5.0;
				TARGETED_DEVICE_FAMILY = "1,2";
				TEST_TARGET_NAME = "Core Location Sample";
			};
			name = Debug;
		};
		8168373F2DEDB7CE007190C7 /* Release */ = {
			isa = XCBuildConfiguration;
			buildSettings = {
				CODE_SIGN_STYLE = Automatic;
				CURRENT_PROJECT_VERSION = 1;
				DEVELOPMENT_TEAM = G7DZRWC4D6;
				GENERATE_INFOPLIST_FILE = YES;
				MARKETING_VERSION = 1.0;
				PRODUCT_BUNDLE_IDENTIFIER = "com.test.Core-Location-SampleUITests";
				PRODUCT_NAME = "$(TARGET_NAME)";
				SWIFT_EMIT_LOC_STRINGS = NO;
				SWIFT_VERSION = 5.0;
				TARGETED_DEVICE_FAMILY = "1,2";
				TEST_TARGET_NAME = "Core Location Sample";
			};
			name = Release;
		};
/* End XCBuildConfiguration section */

/* Begin XCConfigurationList section */
		8168370E2DEDB7CD007190C7 /* Build configuration list for PBXProject "Core Location Sample" */ = {
			isa = XCConfigurationList;
			buildConfigurations = (
				816837352DEDB7CE007190C7 /* Debug */,
				816837362DEDB7CE007190C7 /* Release */,
			);
			defaultConfigurationIsVisible = 0;
			defaultConfigurationName = Release;
		};
		816837372DEDB7CE007190C7 /* Build configuration list for PBXNativeTarget "Core Location Sample" */ = {
			isa = XCConfigurationList;
			buildConfigurations = (
				816837382DEDB7CE007190C7 /* Debug */,
				816837392DEDB7CE007190C7 /* Release */,
			);
			defaultConfigurationIsVisible = 0;
			defaultConfigurationName = Release;
		};
		8168373A2DEDB7CE007190C7 /* Build configuration list for PBXNativeTarget "Core Location SampleTests" */ = {
			isa = XCConfigurationList;
			buildConfigurations = (
				8168373B2DEDB7CE007190C7 /* Debug */,
				8168373C2DEDB7CE007190C7 /* Release */,
			);
			defaultConfigurationIsVisible = 0;
			defaultConfigurationName = Release;
		};
		8168373D2DEDB7CE007190C7 /* Build configuration list for PBXNativeTarget "Core Location SampleUITests" */ = {
			isa = XCConfigurationList;
			buildConfigurations = (
				8168373E2DEDB7CE007190C7 /* Debug */,
				8168373F2DEDB7CE007190C7 /* Release */,
			);
			defaultConfigurationIsVisible = 0;
			defaultConfigurationName = Release;
		};
/* End XCConfigurationList section */
	};
	rootObject = 8168370B2DEDB7CD007190C7 /* Project object */;
}
